
Microsoft Visual Studio Solution File, Format Version 12.00
# Visual Studio Version 16
VisualStudioVersion = 16.0.31424.327
MinimumVisualStudioVersion = 10.0.40219.1
Project("{FAE04EC0-301F-11D3-BF4B-00C04F79EFBC}") = "OLT-FSP", "OLT-FSP\OLT-FSP.csproj", "{0168A7B4-3143-4CA2-8CE6-56209C40B777}"
EndProject
Global
	GlobalSection(SolutionConfigurationPlatforms) = preSolution
		Debug|Any CPU = Debug|Any CPU
		Release|Any CPU = Release|Any CPU
	EndGlobalSection
	GlobalSection(ProjectConfigurationPlatforms) = postSolution
		{0168A7B4-3143-4CA2-8CE6-56209C40B777}.Debug|Any CPU.ActiveCfg = Debug|Any CPU
		{0168A7B4-3143-4CA2-8CE6-56209C40B777}.Debug|Any CPU.Build.0 = Debug|Any CPU
		{0168A7B4-3143-4CA2-8CE6-56209C40B777}.Release|Any CPU.ActiveCfg = Release|Any CPU
		{0168A7B4-3143-4CA2-8CE6-56209C40B777}.Release|Any CPU.Build.0 = Release|Any CPU
	EndGlobalSection
	GlobalSection(SolutionProperties) = preSolution
		HideSolutionNode = FALSE
	EndGlobalSection
	GlobalSection(ExtensibilityGlobals) = postSolution
		SolutionGuid = {CE2F1B46-AA8E-404B-88EC-8C24FF813CC3}
	EndGlobalSection
EndGlobal
